
Microsoft Visual Studio Solution File, Format Version 12.00
# Visual Studio Version 16
VisualStudioVersion = 16.0.29215.179
MinimumVisualStudioVersion = 10.0.40219.1
Project("{FAE04EC0-301F-11D3-BF4B-00C04F79EFBC}") = "Kupchyk01", "Kupchyk01.csproj", "{D5BF7C65-DF85-4B85-8042-861007B4E74C}"
EndProject
Global
	GlobalSection(SolutionConfigurationPlatforms) = preSolution
		Debug|Any CPU = Debug|Any CPU
		Release|Any CPU = Release|Any CPU
	EndGlobalSection
	GlobalSection(ProjectConfigurationPlatforms) = postSolution
		{D5BF7C65-DF85-4B85-8042-861007B4E74C}.Debug|Any CPU.ActiveCfg = Debug|Any CPU
		{D5BF7C65-DF85-4B85-8042-861007B4E74C}.Debug|Any CPU.Build.0 = Debug|Any CPU
		{D5BF7C65-DF85-4B85-8042-861007B4E74C}.Release|Any CPU.ActiveCfg = Release|Any CPU
		{D5BF7C65-DF85-4B85-8042-861007B4E74C}.Release|Any CPU.Build.0 = Release|Any CPU
	EndGlobalSection
	GlobalSection(SolutionProperties) = preSolution
		HideSolutionNode = FALSE
	EndGlobalSection
	GlobalSection(ExtensibilityGlobals) = postSolution
		SolutionGuid = {1D5D63CA-51E6-4E13-8014-1CF55BDEB94A}
	EndGlobalSection
EndGlobal
